
Microsoft Visual Studio Solution File, Format Version 12.00
# Visual Studio Version 17
VisualStudioVersion = 17.2.32616.157
MinimumVisualStudioVersion = 10.0.40219.1
Project("{FAE04EC0-301F-11D3-BF4B-00C04F79EFBC}") = "LoggerUi", "LoggerUi.csproj", "{273A7841-ED57-4337-B610-2A82C940A3F0}"
EndProject
Project("{FAE04EC0-301F-11D3-BF4B-00C04F79EFBC}") = "LoggerApi", "..\LoggerApi\LoggerApi.csproj", "{15B4A3D9-746B-4942-BFE5-5F8ACF5A7071}"
EndProject
Global
	GlobalSection(SolutionConfigurationPlatforms) = preSolution
		Debug|Any CPU = Debug|Any CPU
		Release|Any CPU = Release|Any CPU
	EndGlobalSection
	GlobalSection(ProjectConfigurationPlatforms) = postSolution
		{273A7841-ED57-4337-B610-2A82C940A3F0}.Debug|Any CPU.ActiveCfg = Debug|Any CPU
		{273A7841-ED57-4337-B610-2A82C940A3F0}.Debug|Any CPU.Build.0 = Debug|Any CPU
		{273A7841-ED57-4337-B610-2A82C940A3F0}.Release|Any CPU.ActiveCfg = Release|Any CPU
		{273A7841-ED57-4337-B610-2A82C940A3F0}.Release|Any CPU.Build.0 = Release|Any CPU
		{15B4A3D9-746B-4942-BFE5-5F8ACF5A7071}.Debug|Any CPU.ActiveCfg = Debug|Any CPU
		{15B4A3D9-746B-4942-BFE5-5F8ACF5A7071}.Debug|Any CPU.Build.0 = Debug|Any CPU
		{15B4A3D9-746B-4942-BFE5-5F8ACF5A7071}.Release|Any CPU.ActiveCfg = Release|Any CPU
		{15B4A3D9-746B-4942-BFE5-5F8ACF5A7071}.Release|Any CPU.Build.0 = Release|Any CPU
	EndGlobalSection
	GlobalSection(SolutionProperties) = preSolution
		HideSolutionNode = FALSE
	EndGlobalSection
	GlobalSection(ExtensibilityGlobals) = postSolution
		SolutionGuid = {014C9944-72AB-499A-8EDC-8595AACE4E1E}
	EndGlobalSection
EndGlobal
